
Microsoft Visual Studio Solution File, Format Version 12.00
# Visual Studio Version 17
VisualStudioVersion = 17.8.34330.188
MinimumVisualStudioVersion = 10.0.40219.1
Project("{FAE04EC0-301F-11D3-BF4B-00C04F79EFBC}") = "Interpret-grading-documents", "Interpret-grading-documents\Interpret-grading-documents.csproj", "{1B7E872E-EF5E-4061-8AC8-43D67744F90E}"
EndProject
Global
	GlobalSection(SolutionConfigurationPlatforms) = preSolution
		Debug|Any CPU = Debug|Any CPU
		Release|Any CPU = Release|Any CPU
	EndGlobalSection
	GlobalSection(ProjectConfigurationPlatforms) = postSolution
		{1B7E872E-EF5E-4061-8AC8-43D67744F90E}.Debug|Any CPU.ActiveCfg = Debug|Any CPU
		{1B7E872E-EF5E-4061-8AC8-43D67744F90E}.Debug|Any CPU.Build.0 = Debug|Any CPU
		{1B7E872E-EF5E-4061-8AC8-43D67744F90E}.Release|Any CPU.ActiveCfg = Release|Any CPU
		{1B7E872E-EF5E-4061-8AC8-43D67744F90E}.Release|Any CPU.Build.0 = Release|Any CPU
	EndGlobalSection
	GlobalSection(SolutionProperties) = preSolution
		HideSolutionNode = FALSE
	EndGlobalSection
	GlobalSection(ExtensibilityGlobals) = postSolution
		SolutionGuid = {48F715F4-2D60-487A-8ED0-96C974C03353}
	EndGlobalSection
EndGlobal
